schema: '2.0'
stages:
  data_ingestion:
    cmd: python src/data/data_ingestion.py
    deps:
    - path: src/data/data_ingestion.py
      hash: md5
      md5: f31e8e72a2fca7fdc03595c04a9b8471
      size: 3463
    params:
      params.yaml:
        data_ingestion.test_size: 0.4
    outs:
    - path: data/raw
      hash: md5
      md5: 41b9f839bf325cd1bb9dd3ff00c9c8b5.dir
      size: 827973
      nfiles: 2
  data_preprocessing:
    cmd: python src/data/data_preprocessing.py
    deps:
    - path: data/raw
      hash: md5
      md5: 41b9f839bf325cd1bb9dd3ff00c9c8b5.dir
      size: 827973
      nfiles: 2
    - path: src/data/data_preprocessing.py
      hash: md5
      md5: 8ffb8e2268db65af3252350158a945d1
      size: 4096
    outs:
    - path: data/processed
      hash: md5
      md5: 071914d942023313e0f4e863dd6affb4.dir
      size: 560374
      nfiles: 2
  feature_engineering:
    cmd: python src/features/feature_engineering.py
    deps:
    - path: data/processed
      hash: md5
      md5: 071914d942023313e0f4e863dd6affb4.dir
      size: 560374
      nfiles: 2
    - path: src/features/feature_engineering.py
      hash: md5
      md5: 48dc45ca2dc219c3123f4fe288760111
      size: 3506
    params:
      params.yaml:
        feature_engineering.max_features: 75
    outs:
    - path: data/features
      hash: md5
      md5: baa1b50f346d4ad6e35b7f60b4e33e8d.dir
      size: 1587666
      nfiles: 2
  model_building:
    cmd: python src/model/model_building.py
    deps:
    - path: data/features
      hash: md5
      md5: baa1b50f346d4ad6e35b7f60b4e33e8d.dir
      size: 1587666
      nfiles: 2
    - path: src/model/model_building.py
      hash: md5
      md5: d93208d0bdfa91168e52353c877cbea4
      size: 2790
    params:
      params.yaml:
        model_building.learning_rate: 0.1
        model_building.n_estimators: 50
    outs:
    - path: models/model.pkl
      hash: md5
      md5: 536bb65916991308280c51fef1e08f4c
      size: 71994
  model_evaluation:
    cmd: python src/model/model_evaluation.py
    deps:
    - path: models/model.pkl
      hash: md5
      md5: 536bb65916991308280c51fef1e08f4c
      size: 71994
    - path: src/model/model_evaluation.py
      hash: md5
      md5: d1fd21bacf16f8309c7a6e62c655d817
      size: 2833
    outs:
    - path: metrics.json
      hash: md5
      md5: 8fda86cd896b81c7bd012a59ff4a42b1
      size: 146
